
Microsoft Visual Studio Solution File, Format Version 12.00
# Visual Studio Version 16
VisualStudioVersion = 16.0.29326.143
MinimumVisualStudioVersion = 10.0.40219.1
Project("{2150E333-8FDC-42A3-9474-1A3956D46DE8}") = "Docs", "Docs", "{B4D3146A-E176-48E5-A9C0-3F24ED6AA5C4}"
	ProjectSection(SolutionItems) = preProject
		References.txt = References.txt
	EndProjectSection
EndProject
Project("{2150E333-8FDC-42A3-9474-1A3956D46DE8}") = "Src", "Src", "{5DA4D37A-15EE-420B-B0E1-396954CAE4A8}"
EndProject
Project("{2150E333-8FDC-42A3-9474-1A3956D46DE8}") = "Core", "Core", "{D089C720-2340-40A0-B47C-27D2FA612EE8}"
EndProject
Project("{9A19103F-16F7-4668-BE54-9A1E7A4F7556}") = "XLCCoin.Domain", "XLCCoin.Domain\XLCCoin.Domain.csproj", "{131A6805-11F0-4890-BC1E-AF4E508FF741}"
EndProject
Project("{9A19103F-16F7-4668-BE54-9A1E7A4F7556}") = "XLCCoin.Application", "XLCCoin.Application\XLCCoin.Application.csproj", "{3D8CF138-5788-4273-BE94-7492BF4019F7}"
EndProject
Project("{2150E333-8FDC-42A3-9474-1A3956D46DE8}") = "Presentation", "Presentation", "{7F34E81F-46B8-4ED3-B0FC-140641B453D9}"
EndProject
Project("{9A19103F-16F7-4668-BE54-9A1E7A4F7556}") = "XLCCoin.Node", "XLCCoin.Node\XLCCoin.Node.csproj", "{B9BFE441-AC4B-4F10-9096-74A3B57E3439}"
EndProject
Project("{9A19103F-16F7-4668-BE54-9A1E7A4F7556}") = "XLCCoin.Web", "XLCCoin.Web\XLCCoin.Web.csproj", "{FBD1126B-988C-4491-A1F9-57410489E28A}"
EndProject
Project("{FAE04EC0-301F-11D3-BF4B-00C04F79EFBC}") = "XLCCoin.Infrastructure", "XLCCoin.Infrastructure\XLCCoin.Infrastructure.csproj", "{0FC01824-1D68-4952-9C1E-871AF9F1E3E3}"
EndProject
Global
	GlobalSection(SolutionConfigurationPlatforms) = preSolution
		Debug|Any CPU = Debug|Any CPU
		Release|Any CPU = Release|Any CPU
	EndGlobalSection
	GlobalSection(ProjectConfigurationPlatforms) = postSolution
		{131A6805-11F0-4890-BC1E-AF4E508FF741}.Debug|Any CPU.ActiveCfg = Debug|Any CPU
		{131A6805-11F0-4890-BC1E-AF4E508FF741}.Debug|Any CPU.Build.0 = Debug|Any CPU
		{131A6805-11F0-4890-BC1E-AF4E508FF741}.Release|Any CPU.ActiveCfg = Release|Any CPU
		{131A6805-11F0-4890-BC1E-AF4E508FF741}.Release|Any CPU.Build.0 = Release|Any CPU
		{3D8CF138-5788-4273-BE94-7492BF4019F7}.Debug|Any CPU.ActiveCfg = Debug|Any CPU
		{3D8CF138-5788-4273-BE94-7492BF4019F7}.Debug|Any CPU.Build.0 = Debug|Any CPU
		{3D8CF138-5788-4273-BE94-7492BF4019F7}.Release|Any CPU.ActiveCfg = Release|Any CPU
		{3D8CF138-5788-4273-BE94-7492BF4019F7}.Release|Any CPU.Build.0 = Release|Any CPU
		{B9BFE441-AC4B-4F10-9096-74A3B57E3439}.Debug|Any CPU.ActiveCfg = Debug|Any CPU
		{B9BFE441-AC4B-4F10-9096-74A3B57E3439}.Debug|Any CPU.Build.0 = Debug|Any CPU
		{B9BFE441-AC4B-4F10-9096-74A3B57E3439}.Release|Any CPU.ActiveCfg = Release|Any CPU
		{B9BFE441-AC4B-4F10-9096-74A3B57E3439}.Release|Any CPU.Build.0 = Release|Any CPU
		{FBD1126B-988C-4491-A1F9-57410489E28A}.Debug|Any CPU.ActiveCfg = Debug|Any CPU
		{FBD1126B-988C-4491-A1F9-57410489E28A}.Debug|Any CPU.Build.0 = Debug|Any CPU
		{FBD1126B-988C-4491-A1F9-57410489E28A}.Release|Any CPU.ActiveCfg = Release|Any CPU
		{FBD1126B-988C-4491-A1F9-57410489E28A}.Release|Any CPU.Build.0 = Release|Any CPU
		{0FC01824-1D68-4952-9C1E-871AF9F1E3E3}.Debug|Any CPU.ActiveCfg = Debug|Any CPU
		{0FC01824-1D68-4952-9C1E-871AF9F1E3E3}.Debug|Any CPU.Build.0 = Debug|Any CPU
		{0FC01824-1D68-4952-9C1E-871AF9F1E3E3}.Release|Any CPU.ActiveCfg = Release|Any CPU
		{0FC01824-1D68-4952-9C1E-871AF9F1E3E3}.Release|Any CPU.Build.0 = Release|Any CPU
	EndGlobalSection
	GlobalSection(SolutionProperties) = preSolution
		HideSolutionNode = FALSE
	EndGlobalSection
	GlobalSection(NestedProjects) = preSolution
		{D089C720-2340-40A0-B47C-27D2FA612EE8} = {5DA4D37A-15EE-420B-B0E1-396954CAE4A8}
		{131A6805-11F0-4890-BC1E-AF4E508FF741} = {D089C720-2340-40A0-B47C-27D2FA612EE8}
		{3D8CF138-5788-4273-BE94-7492BF4019F7} = {D089C720-2340-40A0-B47C-27D2FA612EE8}
		{7F34E81F-46B8-4ED3-B0FC-140641B453D9} = {5DA4D37A-15EE-420B-B0E1-396954CAE4A8}
		{B9BFE441-AC4B-4F10-9096-74A3B57E3439} = {7F34E81F-46B8-4ED3-B0FC-140641B453D9}
		{FBD1126B-988C-4491-A1F9-57410489E28A} = {7F34E81F-46B8-4ED3-B0FC-140641B453D9}
		{0FC01824-1D68-4952-9C1E-871AF9F1E3E3} = {D089C720-2340-40A0-B47C-27D2FA612EE8}
	EndGlobalSection
	GlobalSection(ExtensibilityGlobals) = postSolution
		SolutionGuid = {D8E8E1BC-18C0-41F5-A8FB-72DF5C2B9793}
	EndGlobalSection
EndGlobal
